
Microsoft Visual Studio Solution File, Format Version 12.00
# Visual Studio 14
VisualStudioVersion = 14.0.25420.1
MinimumVisualStudioVersion = 10.0.40219.1
Project("{FAE04EC0-301F-11D3-BF4B-00C04F79EFBC}") = "Journals.Dom.Models", "Journals.Dom.Models\Journals.Dom.Models.csproj", "{C6518422-8AED-42B2-B5EA-8E09E5A2CF7C}"
EndProject
Project("{FAE04EC0-301F-11D3-BF4B-00C04F79EFBC}") = "Journals.Dom.Repositories", "Journals.Dom.Repositories\Journals.Dom.Repositories.csproj", "{95C37F4B-12C0-4B6D-8643-1CAE1B5552B9}"
EndProject
Project("{FAE04EC0-301F-11D3-BF4B-00C04F79EFBC}") = "Journals.Dom.Services", "Journals.Dom.Services\Journals.Dom.Services.csproj", "{7CC5AEBC-96B3-4D1C-A863-C8B8D9CB482C}"
EndProject
Project("{2150E333-8FDC-42A3-9474-1A3956D46DE8}") = "2 - Dom", "2 - Dom", "{8762951A-5896-40EE-9EDC-27C5CD28B032}"
EndProject
Project("{2150E333-8FDC-42A3-9474-1A3956D46DE8}") = "3 - Tests", "3 - Tests", "{F9B0E722-7455-4A46-8CED-4BBB8CBF2718}"
EndProject
Project("{2150E333-8FDC-42A3-9474-1A3956D46DE8}") = "1 - App", "1 - App", "{9059CE1E-0A86-4E38-B9C8-8F0304513EEA}"
EndProject
Project("{FAE04EC0-301F-11D3-BF4B-00C04F79EFBC}") = "Journals.WebPortal", "Journals.WebPortal\Journals.WebPortal.csproj", "{45933AED-C712-46C8-972F-F31FC38CB07C}"
EndProject
Project("{2150E333-8FDC-42A3-9474-1A3956D46DE8}") = "Integration", "Integration", "{ABC29200-A32F-4985-A5D7-0D6B4F22E719}"
EndProject
Project("{2150E333-8FDC-42A3-9474-1A3956D46DE8}") = "Unit", "Unit", "{BA3F493D-DFFB-4646-8C63-64B317A2012E}"
EndProject
Project("{FAE04EC0-301F-11D3-BF4B-00C04F79EFBC}") = "Journals.WebPortal.Tests", "Tests\Unit\Journals.WebPortal.Tests\Journals.WebPortal.Tests.csproj", "{CCA0E2FD-48AF-487F-8792-43AD37198821}"
EndProject
Project("{FAE04EC0-301F-11D3-BF4B-00C04F79EFBC}") = "Journals.Dom.Services.Tests", "Tests\Unit\Journals.Dom.Services.Tests\Journals.Dom.Services.Tests.csproj", "{5D4F16F0-6B5B-4C8F-907C-541B0D98DB0E}"
EndProject
Project("{FAE04EC0-301F-11D3-BF4B-00C04F79EFBC}") = "Journals.Dom.Repositories.Tests", "Tests\Integration\Journals.Dom.Repositories.Tests\Journals.Dom.Repositories.Tests.csproj", "{4E35DB6B-B3C0-41FA-B904-0E27A1FBE121}"
EndProject
Project("{FAE04EC0-301F-11D3-BF4B-00C04F79EFBC}") = "Journals.WebPortal.Tests", "Tests\Integration\Journals.WebPortal.Tests\Journals.WebPortal.Tests.csproj", "{D7F4E266-658A-4DE2-BD09-28AD93062CEE}"
EndProject
Project("{FAE04EC0-301F-11D3-BF4B-00C04F79EFBC}") = "Journals.DesktopClient", "Journals.DesktopClient\Journals.DesktopClient.csproj", "{851118B8-CD4C-4DAE-89D4-9D0850AB3741}"
EndProject
Project("{FAE04EC0-301F-11D3-BF4B-00C04F79EFBC}") = "Journals.Common", "Journals.Common\Journals.Common.csproj", "{77A384E4-6841-4981-A62E-868DC1F8C172}"
EndProject
Global
	GlobalSection(SolutionConfigurationPlatforms) = preSolution
		Debug|Any CPU = Debug|Any CPU
		Release|Any CPU = Release|Any CPU
	EndGlobalSection
	GlobalSection(ProjectConfigurationPlatforms) = postSolution
		{C6518422-8AED-42B2-B5EA-8E09E5A2CF7C}.Debug|Any CPU.ActiveCfg = Debug|Any CPU
		{C6518422-8AED-42B2-B5EA-8E09E5A2CF7C}.Debug|Any CPU.Build.0 = Debug|Any CPU
		{C6518422-8AED-42B2-B5EA-8E09E5A2CF7C}.Release|Any CPU.ActiveCfg = Release|Any CPU
		{C6518422-8AED-42B2-B5EA-8E09E5A2CF7C}.Release|Any CPU.Build.0 = Release|Any CPU
		{95C37F4B-12C0-4B6D-8643-1CAE1B5552B9}.Debug|Any CPU.ActiveCfg = Debug|Any CPU
		{95C37F4B-12C0-4B6D-8643-1CAE1B5552B9}.Debug|Any CPU.Build.0 = Debug|Any CPU
		{95C37F4B-12C0-4B6D-8643-1CAE1B5552B9}.Release|Any CPU.ActiveCfg = Release|Any CPU
		{95C37F4B-12C0-4B6D-8643-1CAE1B5552B9}.Release|Any CPU.Build.0 = Release|Any CPU
		{7CC5AEBC-96B3-4D1C-A863-C8B8D9CB482C}.Debug|Any CPU.ActiveCfg = Debug|Any CPU
		{7CC5AEBC-96B3-4D1C-A863-C8B8D9CB482C}.Debug|Any CPU.Build.0 = Debug|Any CPU
		{7CC5AEBC-96B3-4D1C-A863-C8B8D9CB482C}.Release|Any CPU.ActiveCfg = Release|Any CPU
		{7CC5AEBC-96B3-4D1C-A863-C8B8D9CB482C}.Release|Any CPU.Build.0 = Release|Any CPU
		{45933AED-C712-46C8-972F-F31FC38CB07C}.Debug|Any CPU.ActiveCfg = Debug|Any CPU
		{45933AED-C712-46C8-972F-F31FC38CB07C}.Debug|Any CPU.Build.0 = Debug|Any CPU
		{45933AED-C712-46C8-972F-F31FC38CB07C}.Release|Any CPU.ActiveCfg = Release|Any CPU
		{45933AED-C712-46C8-972F-F31FC38CB07C}.Release|Any CPU.Build.0 = Release|Any CPU
		{CCA0E2FD-48AF-487F-8792-43AD37198821}.Debug|Any CPU.ActiveCfg = Debug|Any CPU
		{CCA0E2FD-48AF-487F-8792-43AD37198821}.Debug|Any CPU.Build.0 = Debug|Any CPU
		{CCA0E2FD-48AF-487F-8792-43AD37198821}.Release|Any CPU.ActiveCfg = Release|Any CPU
		{CCA0E2FD-48AF-487F-8792-43AD37198821}.Release|Any CPU.Build.0 = Release|Any CPU
		{5D4F16F0-6B5B-4C8F-907C-541B0D98DB0E}.Debug|Any CPU.ActiveCfg = Debug|Any CPU
		{5D4F16F0-6B5B-4C8F-907C-541B0D98DB0E}.Debug|Any CPU.Build.0 = Debug|Any CPU
		{5D4F16F0-6B5B-4C8F-907C-541B0D98DB0E}.Release|Any CPU.ActiveCfg = Release|Any CPU
		{5D4F16F0-6B5B-4C8F-907C-541B0D98DB0E}.Release|Any CPU.Build.0 = Release|Any CPU
		{4E35DB6B-B3C0-41FA-B904-0E27A1FBE121}.Debug|Any CPU.ActiveCfg = Debug|Any CPU
		{4E35DB6B-B3C0-41FA-B904-0E27A1FBE121}.Debug|Any CPU.Build.0 = Debug|Any CPU
		{4E35DB6B-B3C0-41FA-B904-0E27A1FBE121}.Release|Any CPU.ActiveCfg = Release|Any CPU
		{4E35DB6B-B3C0-41FA-B904-0E27A1FBE121}.Release|Any CPU.Build.0 = Release|Any CPU
		{D7F4E266-658A-4DE2-BD09-28AD93062CEE}.Debug|Any CPU.ActiveCfg = Debug|Any CPU
		{D7F4E266-658A-4DE2-BD09-28AD93062CEE}.Debug|Any CPU.Build.0 = Debug|Any CPU
		{D7F4E266-658A-4DE2-BD09-28AD93062CEE}.Release|Any CPU.ActiveCfg = Release|Any CPU
		{D7F4E266-658A-4DE2-BD09-28AD93062CEE}.Release|Any CPU.Build.0 = Release|Any CPU
		{851118B8-CD4C-4DAE-89D4-9D0850AB3741}.Debug|Any CPU.ActiveCfg = Debug|Any CPU
		{851118B8-CD4C-4DAE-89D4-9D0850AB3741}.Debug|Any CPU.Build.0 = Debug|Any CPU
		{851118B8-CD4C-4DAE-89D4-9D0850AB3741}.Release|Any CPU.ActiveCfg = Release|Any CPU
		{851118B8-CD4C-4DAE-89D4-9D0850AB3741}.Release|Any CPU.Build.0 = Release|Any CPU
		{77A384E4-6841-4981-A62E-868DC1F8C172}.Debug|Any CPU.ActiveCfg = Debug|Any CPU
		{77A384E4-6841-4981-A62E-868DC1F8C172}.Debug|Any CPU.Build.0 = Debug|Any CPU
		{77A384E4-6841-4981-A62E-868DC1F8C172}.Release|Any CPU.ActiveCfg = Release|Any CPU
		{77A384E4-6841-4981-A62E-868DC1F8C172}.Release|Any CPU.Build.0 = Release|Any CPU
	EndGlobalSection
	GlobalSection(SolutionProperties) = preSolution
		HideSolutionNode = FALSE
	EndGlobalSection
	GlobalSection(NestedProjects) = preSolution
		{C6518422-8AED-42B2-B5EA-8E09E5A2CF7C} = {8762951A-5896-40EE-9EDC-27C5CD28B032}
		{95C37F4B-12C0-4B6D-8643-1CAE1B5552B9} = {8762951A-5896-40EE-9EDC-27C5CD28B032}
		{7CC5AEBC-96B3-4D1C-A863-C8B8D9CB482C} = {8762951A-5896-40EE-9EDC-27C5CD28B032}
		{45933AED-C712-46C8-972F-F31FC38CB07C} = {9059CE1E-0A86-4E38-B9C8-8F0304513EEA}
		{ABC29200-A32F-4985-A5D7-0D6B4F22E719} = {F9B0E722-7455-4A46-8CED-4BBB8CBF2718}
		{BA3F493D-DFFB-4646-8C63-64B317A2012E} = {F9B0E722-7455-4A46-8CED-4BBB8CBF2718}
		{CCA0E2FD-48AF-487F-8792-43AD37198821} = {BA3F493D-DFFB-4646-8C63-64B317A2012E}
		{5D4F16F0-6B5B-4C8F-907C-541B0D98DB0E} = {BA3F493D-DFFB-4646-8C63-64B317A2012E}
		{4E35DB6B-B3C0-41FA-B904-0E27A1FBE121} = {ABC29200-A32F-4985-A5D7-0D6B4F22E719}
		{D7F4E266-658A-4DE2-BD09-28AD93062CEE} = {ABC29200-A32F-4985-A5D7-0D6B4F22E719}
		{851118B8-CD4C-4DAE-89D4-9D0850AB3741} = {9059CE1E-0A86-4E38-B9C8-8F0304513EEA}
		{77A384E4-6841-4981-A62E-868DC1F8C172} = {9059CE1E-0A86-4E38-B9C8-8F0304513EEA}
	EndGlobalSection
EndGlobal
